// !$*UTF8*$!
{
	archiveVersion = 1;
	classes = {
	};
	objectVersion = 46;
	objects = {

/* Begin PBXBuildFile section */
		FF17FCC21E6E4EAF006F9960 /* AppDelegate.swift in Sources */ = {isa = PBXBuildFile; fileRef = FF17FCC11E6E4EAF006F9960 /* AppDelegate.swift */; };
		FF17FCC41E6E4EAF006F9960 /* ViewController.swift in Sources */ = {isa = PBXBuildFile; fileRef = FF17FCC31E6E4EAF006F9960 /* ViewController.swift */; };
		FF17FCC71E6E4EAF006F9960 /* Main.storyboard in Resources */ = {isa = PBXBuildFile; fileRef = FF17FCC51E6E4EAF006F9960 /* Main.storyboard */; };
		FF17FCC91E6E4EAF006F9960 /* Assets.xcassets in Resources */ = {isa = PBXBuildFile; fileRef = FF17FCC81E6E4EAF006F9960 /* Assets.xcassets */; };
		FF17FCCC1E6E4EAF006F9960 /* LaunchScreen.storyboard in Resources */ = {isa = PBXBuildFile; fileRef = FF17FCCA1E6E4EAF006F9960 /* LaunchScreen.storyboard */; };
		FF17FCD71E6E4EAF006F9960 /* TippyTests.swift in Sources */ = {isa = PBXBuildFile; fileRef = FF17FCD61E6E4EAF006F9960 /* TippyTests.swift */; };
		FF17FCE21E6E4EAF006F9960 /* TippyUITests.swift in Sources */ = {isa = PBXBuildFile; fileRef = FF17FCE11E6E4EAF006F9960 /* TippyUITests.swift */; };
		FF3A7ED41E70C16D00155497 /* SettingsViewController.swift in Sources */ = {isa = PBXBuildFile; fileRef = FF3A7ED31E70C16D00155497 /* SettingsViewController.swift */; };
/* End PBXBuildFile section */

/* Begin PBXContainerItemProxy section */
		FF17FCD31E6E4EAF006F9960 /* PBXContainerItemProxy */ = {
			isa = PBXContainerItemProxy;
			containerPortal = FF17FCB61E6E4EAF006F9960 /* Project object */;
			proxyType = 1;
			remoteGlobalIDString = FF17FCBD1E6E4EAF006F9960;
			remoteInfo = Tippy;
		};
		FF17FCDE1E6E4EAF006F9960 /* PBXContainerItemProxy */ = {
			isa = PBXContainerItemProxy;
			containerPortal = FF17FCB61E6E4EAF006F9960 /* Project object */;
			proxyType = 1;
			remoteGlobalIDString = FF17FCBD1E6E4EAF006F9960;
			remoteInfo = Tippy;
		};
/* End PBXContainerItemProxy section */

/* Begin PBXFileReference section */
		FF17FCBE1E6E4EAF006F9960 /* Tippy.app */ = {isa = PBXFileReference; explicitFileType = wrapper.application; includeInIndex = 0; path = Tippy.app; sourceTree = BUILT_PRODUCTS_DIR; };
		FF17FCC11E6E4EAF006F9960 /* AppDelegate.swift */ = {isa = PBXFileReference; lastKnownFileType = sourcecode.swift; path = AppDelegate.swift; sourceTree = "<group>"; };
		FF17FCC31E6E4EAF006F9960 /* ViewController.swift */ = {isa = PBXFileReference; lastKnownFileType = sourcecode.swift; path = ViewController.swift; sourceTree = "<group>"; tabWidth = 4; };
		FF17FCC61E6E4EAF006F9960 /* Base */ = {isa = PBXFileReference; lastKnownFileType = file.storyboard; name = Base; path = Base.lproj/Main.storyboard; sourceTree = "<group>"; };
		FF17FCC81E6E4EAF006F9960 /* Assets.xcassets */ = {isa = PBXFileReference; lastKnownFileType = folder.assetcatalog; path = Assets.xcassets; sourceTree = "<group>"; };
		FF17FCCB1E6E4EAF006F9960 /* Base */ = {isa = PBXFileReference; lastKnownFileType = file.storyboard; name = Base; path = Base.lproj/LaunchScreen.storyboard; sourceTree = "<group>"; };
		FF17FCCD1E6E4EAF006F9960 /* Info.plist */ = {isa = PBXFileReference; lastKnownFileType = text.plist.xml; path = Info.plist; sourceTree = "<group>"; };
		FF17FCD21E6E4EAF006F9960 /* TippyTests.xctest */ = {isa = PBXFileReference; explicitFileType = wrapper.cfbundle; includeInIndex = 0; path = TippyTests.xctest; sourceTree = BUILT_PRODUCTS_DIR; };
		FF17FCD61E6E4EAF006F9960 /* TippyTests.swift */ = {isa = PBXFileReference; lastKnownFileType = sourcecode.swift; path = TippyTests.swift; sourceTree = "<group>"; };
		FF17FCD81E6E4EAF006F9960 /* Info.plist */ = {isa = PBXFileReference; lastKnownFileType = text.plist.xml; path = Info.plist; sourceTree = "<group>"; };
		FF17FCDD1E6E4EAF006F9960 /* TippyUITests.xctest */ = {isa = PBXFileReference; explicitFileType = wrapper.cfbundle; includeInIndex = 0; path = TippyUITests.xctest; sourceTree = BUILT_PRODUCTS_DIR; };
		FF17FCE11E6E4EAF006F9960 /* TippyUITests.swift */ = {isa = PBXFileReference; lastKnownFileType = sourcecode.swift; path = TippyUITests.swift; sourceTree = "<group>"; };
		FF17FCE31E6E4EAF006F9960 /* Info.plist */ = {isa = PBXFileReference; lastKnownFileType = text.plist.xml; path = Info.plist; sourceTree = "<group>"; };
		FF3A7ED31E70C16D00155497 /* SettingsViewController.swift */ = {isa = PBXFileReference; fileEncoding = 4; lastKnownFileType = sourcecode.swift; path = SettingsViewController.swift; sourceTree = "<group>"; };
/* End PBXFileReference section */

/* Begin PBXFrameworksBuildPhase section */
		FF17FCBB1E6E4EAF006F9960 /* Frameworks */ = {
			isa = PBXFrameworksBuildPhase;
			buildActionMask = 2147483647;
			files = (
			);
			runOnlyForDeploymentPostprocessing = 0;
		};
		FF17FCCF1E6E4EAF006F9960 /* Frameworks */ = {
			isa = PBXFrameworksBuildPhase;
			buildActionMask = 2147483647;
			files = (
			);
			runOnlyForDeploymentPostprocessing = 0;
		};
		FF17FCDA1E6E4EAF006F9960 /* Frameworks */ = {
			isa = PBXFrameworksBuildPhase;
			buildActionMask = 2147483647;
			files = (
			);
			runOnlyForDeploymentPostprocessing = 0;
		};
/* End PBXFrameworksBuildPhase section */

/* Begin PBXGroup section */
		FF17FCB51E6E4EAF006F9960 = {
			isa = PBXGroup;
			children = (
				FF17FCC01E6E4EAF006F9960 /* Tippy */,
				FF17FCD51E6E4EAF006F9960 /* TippyTests */,
				FF17FCE01E6E4EAF006F9960 /* TippyUITests */,
				FF17FCBF1E6E4EAF006F9960 /* Products */,
			);
			sourceTree = "<group>";
		};
		FF17FCBF1E6E4EAF006F9960 /* Products */ = {
			isa = PBXGroup;
			children = (
				FF17FCBE1E6E4EAF006F9960 /* Tippy.app */,
				FF17FCD21E6E4EAF006F9960 /* TippyTests.xctest */,
				FF17FCDD1E6E4EAF006F9960 /* TippyUITests.xctest */,
			);
			name = Products;
			sourceTree = "<group>";
		};
		FF17FCC01E6E4EAF006F9960 /* Tippy */ = {
			isa = PBXGroup;
			children = (
				FF17FCC11E6E4EAF006F9960 /* AppDelegate.swift */,
				FF17FCC31E6E4EAF006F9960 /* ViewController.swift */,
				FF17FCC51E6E4EAF006F9960 /* Main.storyboard */,
				FF3A7ED31E70C16D00155497 /* SettingsViewController.swift */,
				FF17FCC81E6E4EAF006F9960 /* Assets.xcassets */,
				FF17FCCA1E6E4EAF006F9960 /* LaunchScreen.storyboard */,
				FF17FCCD1E6E4EAF006F9960 /* Info.plist */,
			);
			path = Tippy;
			sourceTree = "<group>";
		};
		FF17FCD51E6E4EAF006F9960 /* TippyTests */ = {
			isa = PBXGroup;
			children = (
				FF17FCD61E6E4EAF006F9960 /* TippyTests.swift */,
				FF17FCD81E6E4EAF006F9960 /* Info.plist */,
			);
			path = TippyTests;
			sourceTree = "<group>";
		};
		FF17FCE01E6E4EAF006F9960 /* TippyUITests */ = {
			isa = PBXGroup;
			children = (
				FF17FCE11E6E4EAF006F9960 /* TippyUITests.swift */,
				FF17FCE31E6E4EAF006F9960 /* Info.plist */,
			);
			path = TippyUITests;
			sourceTree = "<group>";
		};
/* End PBXGroup section */

/* Begin PBXNativeTarget section */
		FF17FCBD1E6E4EAF006F9960 /* Tippy */ = {
			isa = PBXNativeTarget;
			buildConfigurationList = FF17FCE61E6E4EAF006F9960 /* Build configuration list for PBXNativeTarget "Tippy" */;
			buildPhases = (
				FF17FCBA1E6E4EAF006F9960 /* Sources */,
				FF17FCBB1E6E4EAF006F9960 /* Frameworks */,
				FF17FCBC1E6E4EAF006F9960 /* Resources */,
			);
			buildRules = (
			);
			dependencies = (
			);
			name = Tippy;
			productName = Tippy;
			productReference = FF17FCBE1E6E4EAF006F9960 /* Tippy.app */;
			productType = "com.apple.product-type.application";
		};
		FF17FCD11E6E4EAF006F9960 /* TippyTests */ = {
			isa = PBXNativeTarget;
			buildConfigurationList = FF17FCE91E6E4EAF006F9960 /* Build configuration list for PBXNativeTarget "TippyTests" */;
			buildPhases = (
				FF17FCCE1E6E4EAF006F9960 /* Sources */,
				FF17FCCF1E6E4EAF006F9960 /* Frameworks */,
				FF17FCD01E6E4EAF006F9960 /* Resources */,
			);
			buildRules = (
			);
			dependencies = (
				FF17FCD41E6E4EAF006F9960 /* PBXTargetDependency */,
			);
			name = TippyTests;
			productName = TippyTests;
			productReference = FF17FCD21E6E4EAF006F9960 /* TippyTests.xctest */;
			productType = "com.apple.product-type.bundle.unit-test";
		};
		FF17FCDC1E6E4EAF006F9960 /* TippyUITests */ = {
			isa = PBXNativeTarget;
			buildConfigurationList = FF17FCEC1E6E4EAF006F9960 /* Build configuration list for PBXNativeTarget "TippyUITests" */;
			buildPhases = (
				FF17FCD91E6E4EAF006F9960 /* Sources */,
				FF17FCDA1E6E4EAF006F9960 /* Frameworks */,
				FF17FCDB1E6E4EAF006F9960 /* Resources */,
			);
			buildRules = (
			);
			dependencies = (
				FF17FCDF1E6E4EAF006F9960 /* PBXTargetDependency */,
			);
			name = TippyUITests;
			productName = TippyUITests;
			productReference = FF17FCDD1E6E4EAF006F9960 /* TippyUITests.xctest */;
			productType = "com.apple.product-type.bundle.ui-testing";
		};
/* End PBXNativeTarget section */

/* Begin PBXProject section */
		FF17FCB61E6E4EAF006F9960 /* Project object */ = {
			isa = PBXProject;
			attributes = {
				LastSwiftUpdateCheck = 0710;
				LastUpgradeCheck = 0710;
				ORGANIZATIONNAME = "Kent Ou";
				TargetAttributes = {
					FF17FCBD1E6E4EAF006F9960 = {
						CreatedOnToolsVersion = 7.1.1;
					};
					FF17FCD11E6E4EAF006F9960 = {
						CreatedOnToolsVersion = 7.1.1;
						TestTargetID = FF17FCBD1E6E4EAF006F9960;
					};
					FF17FCDC1E6E4EAF006F9960 = {
						CreatedOnToolsVersion = 7.1.1;
						TestTargetID = FF17FCBD1E6E4EAF006F9960;
					};
				};
			};
			buildConfigurationList = FF17FCB91E6E4EAF006F9960 /* Build configuration list for PBXProject "Tippy" */;
			compatibilityVersion = "Xcode 3.2";
			developmentRegion = English;
			hasScannedForEncodings = 0;
			knownRegions = (
				en,
				Base,
			);
			mainGroup = FF17FCB51E6E4EAF006F9960;
			productRefGroup = FF17FCBF1E6E4EAF006F9960 /* Products */;
			projectDirPath = "";
			projectRoot = "";
			targets = (
				FF17FCBD1E6E4EAF006F9960 /* Tippy */,
				FF17FCD11E6E4EAF006F9960 /* TippyTests */,
				FF17FCDC1E6E4EAF006F9960 /* TippyUITests */,
			);
		};
/* End PBXProject section */

/* Begin PBXResourcesBuildPhase section */
		FF17FCBC1E6E4EAF006F9960 /* Resources */ = {
			isa = PBXResourcesBuildPhase;
			buildActionMask = 2147483647;
			files = (
				FF17FCCC1E6E4EAF006F9960 /* LaunchScreen.storyboard in Resources */,
				FF17FCC91E6E4EAF006F9960 /* Assets.xcassets in Resources */,
				FF17FCC71E6E4EAF006F9960 /* Main.storyboard in Resources */,
			);
			runOnlyForDeploymentPostprocessing = 0;
		};
		FF17FCD01E6E4EAF006F9960 /* Resources */ = {
			isa = PBXResourcesBuildPhase;
			buildActionMask = 2147483647;
			files = (
			);
			runOnlyForDeploymentPostprocessing = 0;
		};
		FF17FCDB1E6E4EAF006F9960 /* Resources */ = {
			isa = PBXResourcesBuildPhase;
			buildActionMask = 2147483647;
			files = (
			);
			runOnlyForDeploymentPostprocessing = 0;
		};
/* End PBXResourcesBuildPhase section */

/* Begin PBXSourcesBuildPhase section */
		FF17FCBA1E6E4EAF006F9960 /* Sources */ = {
			isa = PBXSourcesBuildPhase;
			buildActionMask = 2147483647;
			files = (
				FF17FCC41E6E4EAF006F9960 /* ViewController.swift in Sources */,
				FF17FCC21E6E4EAF006F9960 /* AppDelegate.swift in Sources */,
				FF3A7ED41E70C16D00155497 /* SettingsViewController.swift in Sources */,
			);
			runOnlyForDeploymentPostprocessing = 0;
		};
		FF17FCCE1E6E4EAF006F9960 /* Sources */ = {
			isa = PBXSourcesBuildPhase;
			buildActionMask = 2147483647;
			files = (
				FF17FCD71E6E4EAF006F9960 /* TippyTests.swift in Sources */,
			);
			runOnlyForDeploymentPostprocessing = 0;
		};
		FF17FCD91E6E4EAF006F9960 /* Sources */ = {
			isa = PBXSourcesBuildPhase;
			buildActionMask = 2147483647;
			files = (
				FF17FCE21E6E4EAF006F9960 /* TippyUITests.swift in Sources */,
			);
			runOnlyForDeploymentPostprocessing = 0;
		};
/* End PBXSourcesBuildPhase section */

/* Begin PBXTargetDependency section */
		FF17FCD41E6E4EAF006F9960 /* PBXTargetDependency */ = {
			isa = PBXTargetDependency;
			target = FF17FCBD1E6E4EAF006F9960 /* Tippy */;
			targetProxy = FF17FCD31E6E4EAF006F9960 /* PBXContainerItemProxy */;
		};
		FF17FCDF1E6E4EAF006F9960 /* PBXTargetDependency */ = {
			isa = PBXTargetDependency;
			target = FF17FCBD1E6E4EAF006F9960 /* Tippy */;
			targetProxy = FF17FCDE1E6E4EAF006F9960 /* PBXContainerItemProxy */;
		};
/* End PBXTargetDependency section */

/* Begin PBXVariantGroup section */
		FF17FCC51E6E4EAF006F9960 /* Main.storyboard */ = {
			isa = PBXVariantGroup;
			children = (
				FF17FCC61E6E4EAF006F9960 /* Base */,
			);
			name = Main.storyboard;
			sourceTree = "<group>";
		};
		FF17FCCA1E6E4EAF006F9960 /* LaunchScreen.storyboard */ = {
			isa = PBXVariantGroup;
			children = (
				FF17FCCB1E6E4EAF006F9960 /* Base */,
			);
			name = LaunchScreen.storyboard;
			sourceTree = "<group>";
		};
/* End PBXVariantGroup section */

/* Begin XCBuildConfiguration section */
		FF17FCE41E6E4EAF006F9960 /* Debug */ = {
			isa = XCBuildConfiguration;
			buildSettings = {
				ALWAYS_SEARCH_USER_PATHS = NO;
				CLANG_CXX_LANGUAGE_STANDARD = "gnu++0x";
				CLANG_CXX_LIBRARY = "libc++";
				CLANG_ENABLE_MODULES = YES;
				CLANG_ENABLE_OBJC_ARC = YES;
				CLANG_WARN_BOOL_CONVERSION = YES;
				CLANG_WARN_CONSTANT_CONVERSION = YES;
				CLANG_WARN_DIRECT_OBJC_ISA_USAGE = YES_ERROR;
				CLANG_WARN_EMPTY_BODY = YES;
				CLANG_WARN_ENUM_CONVERSION = YES;
				CLANG_WARN_INT_CONVERSION = YES;
				CLANG_WARN_OBJC_ROOT_CLASS = YES_ERROR;
				CLANG_WARN_UNREACHABLE_CODE = YES;
				CLANG_WARN__DUPLICATE_METHOD_MATCH = YES;
				"CODE_SIGN_IDENTITY[sdk=iphoneos*]" = "iPhone Developer";
				COPY_PHASE_STRIP = NO;
				DEBUG_INFORMATION_FORMAT = dwarf;
				ENABLE_STRICT_OBJC_MSGSEND = YES;
				ENABLE_TESTABILITY = YES;
				GCC_C_LANGUAGE_STANDARD = gnu99;
				GCC_DYNAMIC_NO_PIC = NO;
				GCC_NO_COMMON_BLOCKS = YES;
				GCC_OPTIMIZATION_LEVEL = 0;
				GCC_PREPROCESSOR_DEFINITIONS = (
					"DEBUG=1",
					"$(inherited)",
				);
				GCC_WARN_64_TO_32_BIT_CONVERSION = YES;
				GCC_WARN_ABOUT_RETURN_TYPE = YES_ERROR;
				GCC_WARN_UNDECLARED_SELECTOR = YES;
				GCC_WARN_UNINITIALIZED_AUTOS = YES_AGGRESSIVE;
				GCC_WARN_UNUSED_FUNCTION = YES;
				GCC_WARN_UNUSED_VARIABLE = YES;
				IPHONEOS_DEPLOYMENT_TARGET = 9.1;
				MTL_ENABLE_DEBUG_INFO = YES;
				ONLY_ACTIVE_ARCH = YES;
				SDKROOT = iphoneos;
				SWIFT_OPTIMIZATION_LEVEL = "-Onone";
			};
			name = Debug;
		};
		FF17FCE51E6E4EAF006F9960 /* Release */ = {
			isa = XCBuildConfiguration;
			buildSettings = {
				ALWAYS_SEARCH_USER_PATHS = NO;
				CLANG_CXX_LANGUAGE_STANDARD = "gnu++0x";
				CLANG_CXX_LIBRARY = "libc++";
				CLANG_ENABLE_MODULES = YES;
				CLANG_ENABLE_OBJC_ARC = YES;
				CLANG_WARN_BOOL_CONVERSION = YES;
				CLANG_WARN_CONSTANT_CONVERSION = YES;
				CLANG_WARN_DIRECT_OBJC_ISA_USAGE = YES_ERROR;
				CLANG_WARN_EMPTY_BODY = YES;
				CLANG_WARN_ENUM_CONVERSION = YES;
				CLANG_WARN_INT_CONVERSION = YES;
				CLANG_WARN_OBJC_ROOT_CLASS = YES_ERROR;
				CLANG_WARN_UNREACHABLE_CODE = YES;
				CLANG_WARN__DUPLICATE_METHOD_MATCH = YES;
				"CODE_SIGN_IDENTITY[sdk=iphoneos*]" = "iPhone Developer";
				COPY_PHASE_STRIP = NO;
				DEBUG_INFORMATION_FORMAT = "dwarf-with-dsym";
				ENABLE_NS_ASSERTIONS = NO;
				ENABLE_STRICT_OBJC_MSGSEND = YES;
				GCC_C_LANGUAGE_STANDARD = gnu99;
				GCC_NO_COMMON_BLOCKS = YES;
				GCC_WARN_64_TO_32_BIT_CONVERSION = YES;
				GCC_WARN_ABOUT_RETURN_TYPE = YES_ERROR;
				GCC_WARN_UNDECLARED_SELECTOR = YES;
				GCC_WARN_UNINITIALIZED_AUTOS = YES_AGGRESSIVE;
				GCC_WARN_UNUSED_FUNCTION = YES;
				GCC_WARN_UNUSED_VARIABLE = YES;
				IPHONEOS_DEPLOYMENT_TARGET = 9.1;
				MTL_ENABLE_DEBUG_INFO = NO;
				SDKROOT = iphoneos;
				VALIDATE_PRODUCT = YES;
			};
			name = Release;
		};
		FF17FCE71E6E4EAF006F9960 /* Debug */ = {
			isa = XCBuildConfiguration;
			buildSettings = {
				ASSETCATALOG_COMPILER_APPICON_NAME = AppIcon;
				INFOPLIST_FILE = Tippy/Info.plist;
				LD_RUNPATH_SEARCH_PATHS = "$(inherited) @executable_path/Frameworks";
				PRODUCT_BUNDLE_IDENTIFIER = com.KentOu.Tippy;
				PRODUCT_NAME = "$(TARGET_NAME)";
			};
			name = Debug;
		};
		FF17FCE81E6E4EAF006F9960 /* Release */ = {
			isa = XCBuildConfiguration;
			buildSettings = {
				ASSETCATALOG_COMPILER_APPICON_NAME = AppIcon;
				INFOPLIST_FILE = Tippy/Info.plist;
				LD_RUNPATH_SEARCH_PATHS = "$(inherited) @executable_path/Frameworks";
				PRODUCT_BUNDLE_IDENTIFIER = com.KentOu.Tippy;
				PRODUCT_NAME = "$(TARGET_NAME)";
			};
			name = Release;
		};
		FF17FCEA1E6E4EAF006F9960 /* Debug */ = {
			isa = XCBuildConfiguration;
			buildSettings = {
				BUNDLE_LOADER = "$(TEST_HOST)";
				INFOPLIST_FILE = TippyTests/Info.plist;
				LD_RUNPATH_SEARCH_PATHS = "$(inherited) @executable_path/Frameworks @loader_path/Frameworks";
				PRODUCT_BUNDLE_IDENTIFIER = com.KentOu.TippyTests;
				PRODUCT_NAME = "$(TARGET_NAME)";
				TEST_HOST = "$(BUILT_PRODUCTS_DIR)/Tippy.app/Tippy";
			};
			name = Debug;
		};
		FF17FCEB1E6E4EAF006F9960 /* Release */ = {
			isa = XCBuildConfiguration;
			buildSettings = {
				BUNDLE_LOADER = "$(TEST_HOST)";
				INFOPLIST_FILE = TippyTests/Info.plist;
				LD_RUNPATH_SEARCH_PATHS = "$(inherited) @executable_path/Frameworks @loader_path/Frameworks";
				PRODUCT_BUNDLE_IDENTIFIER = com.KentOu.TippyTests;
				PRODUCT_NAME = "$(TARGET_NAME)";
				TEST_HOST = "$(BUILT_PRODUCTS_DIR)/Tippy.app/Tippy";
			};
			name = Release;
		};
		FF17FCED1E6E4EAF006F9960 /* Debug */ = {
			isa = XCBuildConfiguration;
			buildSettings = {
				INFOPLIST_FILE = TippyUITests/Info.plist;
				LD_RUNPATH_SEARCH_PATHS = "$(inherited) @executable_path/Frameworks @loader_path/Frameworks";
				PRODUCT_BUNDLE_IDENTIFIER = com.KentOu.TippyUITests;
				PRODUCT_NAME = "$(TARGET_NAME)";
				TEST_TARGET_NAME = Tippy;
				USES_XCTRUNNER = YES;
			};
			name = Debug;
		};
		FF17FCEE1E6E4EAF006F9960 /* Release */ = {
			isa = XCBuildConfiguration;
			buildSettings = {
				INFOPLIST_FILE = TippyUITests/Info.plist;
				LD_RUNPATH_SEARCH_PATHS = "$(inherited) @executable_path/Frameworks @loader_path/Frameworks";
				PRODUCT_BUNDLE_IDENTIFIER = com.KentOu.TippyUITests;
				PRODUCT_NAME = "$(TARGET_NAME)";
				TEST_TARGET_NAME = Tippy;
				USES_XCTRUNNER = YES;
			};
			name = Release;
		};
/* End XCBuildConfiguration section */

/* Begin XCConfigurationList section */
		FF17FCB91E6E4EAF006F9960 /* Build configuration list for PBXProject "Tippy" */ = {
			isa = XCConfigurationList;
			buildConfigurations = (
				FF17FCE41E6E4EAF006F9960 /* Debug */,
				FF17FCE51E6E4EAF006F9960 /* Release */,
			);
			defaultConfigurationIsVisible = 0;
			defaultConfigurationName = Release;
		};
		FF17FCE61E6E4EAF006F9960 /* Build configuration list for PBXNativeTarget "Tippy" */ = {
			isa = XCConfigurationList;
			buildConfigurations = (
				FF17FCE71E6E4EAF006F9960 /* Debug */,
				FF17FCE81E6E4EAF006F9960 /* Release */,
			);
			defaultConfigurationIsVisible = 0;
			defaultConfigurationName = Release;
		};
		FF17FCE91E6E4EAF006F9960 /* Build configuration list for PBXNativeTarget "TippyTests" */ = {
			isa = XCConfigurationList;
			buildConfigurations = (
				FF17FCEA1E6E4EAF006F9960 /* Debug */,
				FF17FCEB1E6E4EAF006F9960 /* Release */,
			);
			defaultConfigurationIsVisible = 0;
			defaultConfigurationName = Release;
		};
		FF17FCEC1E6E4EAF006F9960 /* Build configuration list for PBXNativeTarget "TippyUITests" */ = {
			isa = XCConfigurationList;
			buildConfigurations = (
				FF17FCED1E6E4EAF006F9960 /* Debug */,
				FF17FCEE1E6E4EAF006F9960 /* Release */,
			);
			defaultConfigurationIsVisible = 0;
			defaultConfigurationName = Release;
		};
/* End XCConfigurationList section */
	};
	rootObject = FF17FCB61E6E4EAF006F9960 /* Project object */;
}
